// !$*UTF8*$!
{
	archiveVersion = 1;
	classes = {
	};
	objectVersion = 46;
	objects = {

/* Begin PBXBuildFile section */
		1D75712D19EF12BD00676061 /* main.m in Sources */ = {isa = PBXBuildFile; fileRef = 1D75712C19EF12BD00676061 /* main.m */; };
		1D75713019EF12BD00676061 /* AppDelegate.m in Sources */ = {isa = PBXBuildFile; fileRef = 1D75712F19EF12BD00676061 /* AppDelegate.m */; };
		1D75713319EF12BD00676061 /* ViewController.m in Sources */ = {isa = PBXBuildFile; fileRef = 1D75713219EF12BD00676061 /* ViewController.m */; };
		1D75713619EF12BD00676061 /* Main.storyboard in Resources */ = {isa = PBXBuildFile; fileRef = 1D75713419EF12BD00676061 /* Main.storyboard */; };
		1D75713819EF12BD00676061 /* Images.xcassets in Resources */ = {isa = PBXBuildFile; fileRef = 1D75713719EF12BD00676061 /* Images.xcassets */; };
		1D75713B19EF12BD00676061 /* LaunchScreen.xib in Resources */ = {isa = PBXBuildFile; fileRef = 1D75713919EF12BD00676061 /* LaunchScreen.xib */; };
		1D75714719EF12BD00676061 /* ROXIMITYSDKStarterKit_iOSTests.m in Sources */ = {isa = PBXBuildFile; fileRef = 1D75714619EF12BD00676061 /* ROXIMITYSDKStarterKit_iOSTests.m */; };
		1D75715819EF159000676061 /* libROXIMITYSDK.a in Frameworks */ = {isa = PBXBuildFile; fileRef = 1D75715019EF159000676061 /* libROXIMITYSDK.a */; };
		1D75715919EF159000676061 /* roximity.caf in Resources */ = {isa = PBXBuildFile; fileRef = 1D75715119EF159000676061 /* roximity.caf */; };
		1D75715A19EF159000676061 /* ROXIMITYSDK.bundle in Resources */ = {isa = PBXBuildFile; fileRef = 1D75715719EF159000676061 /* ROXIMITYSDK.bundle */; };
		1D76F45F1AC4ACC300603FA6 /* SystemConfiguration.framework in Frameworks */ = {isa = PBXBuildFile; fileRef = 1D76F45E1AC4ACC300603FA6 /* SystemConfiguration.framework */; };
		1D76F4611AC4ACE400603FA6 /* MobileCoreServices.framework in Frameworks */ = {isa = PBXBuildFile; fileRef = 1D76F4601AC4ACE400603FA6 /* MobileCoreServices.framework */; };
		1D76F4621AC4AD1700603FA6 /* CoreTelephony.framework in Frameworks */ = {isa = PBXBuildFile; fileRef = 1D75716119EF160700676061 /* CoreTelephony.framework */; };
		1D76F4631AC4AD1D00603FA6 /* AdSupport.framework in Frameworks */ = {isa = PBXBuildFile; fileRef = 1D75715B19EF15F600676061 /* AdSupport.framework */; };
/* End PBXBuildFile section */

/* Begin PBXContainerItemProxy section */
		1D75714119EF12BD00676061 /* PBXContainerItemProxy */ = {
			isa = PBXContainerItemProxy;
			containerPortal = 1D75711F19EF12BD00676061 /* Project object */;
			proxyType = 1;
			remoteGlobalIDString = 1D75712619EF12BD00676061;
			remoteInfo = "ROXIMITYSDKStarterKit-iOS";
		};
/* End PBXContainerItemProxy section */

/* Begin PBXFileReference section */
		1D75712719EF12BD00676061 /* ROXIMITYSDKStarterKit-iOS.app */ = {isa = PBXFileReference; explicitFileType = wrapper.application; includeInIndex = 0; path = "ROXIMITYSDKStarterKit-iOS.app"; sourceTree = BUILT_PRODUCTS_DIR; };
		1D75712B19EF12BD00676061 /* Info.plist */ = {isa = PBXFileReference; lastKnownFileType = text.plist.xml; path = Info.plist; sourceTree = "<group>"; };
		1D75712C19EF12BD00676061 /* main.m */ = {isa = PBXFileReference; lastKnownFileType = sourcecode.c.objc; path = main.m; sourceTree = "<group>"; };
		1D75712E19EF12BD00676061 /* AppDelegate.h */ = {isa = PBXFileReference; lastKnownFileType = sourcecode.c.h; path = AppDelegate.h; sourceTree = "<group>"; };
		1D75712F19EF12BD00676061 /* AppDelegate.m */ = {isa = PBXFileReference; lastKnownFileType = sourcecode.c.objc; path = AppDelegate.m; sourceTree = "<group>"; };
		1D75713119EF12BD00676061 /* ViewController.h */ = {isa = PBXFileReference; lastKnownFileType = sourcecode.c.h; path = ViewController.h; sourceTree = "<group>"; };
		1D75713219EF12BD00676061 /* ViewController.m */ = {isa = PBXFileReference; lastKnownFileType = sourcecode.c.objc; path = ViewController.m; sourceTree = "<group>"; };
		1D75713519EF12BD00676061 /* Base */ = {isa = PBXFileReference; lastKnownFileType = file.storyboard; name = Base; path = Base.lproj/Main.storyboard; sourceTree = "<group>"; };
		1D75713719EF12BD00676061 /* Images.xcassets */ = {isa = PBXFileReference; lastKnownFileType = folder.assetcatalog; path = Images.xcassets; sourceTree = "<group>"; };
		1D75713A19EF12BD00676061 /* Base */ = {isa = PBXFileReference; lastKnownFileType = file.xib; name = Base; path = Base.lproj/LaunchScreen.xib; sourceTree = "<group>"; };
		1D75714019EF12BD00676061 /* ROXIMITYSDKStarterKit-iOSTests.xctest */ = {isa = PBXFileReference; explicitFileType = wrapper.cfbundle; includeInIndex = 0; path = "ROXIMITYSDKStarterKit-iOSTests.xctest"; sourceTree = BUILT_PRODUCTS_DIR; };
		1D75714519EF12BD00676061 /* Info.plist */ = {isa = PBXFileReference; lastKnownFileType = text.plist.xml; path = Info.plist; sourceTree = "<group>"; };
		1D75714619EF12BD00676061 /* ROXIMITYSDKStarterKit_iOSTests.m */ = {isa = PBXFileReference; lastKnownFileType = sourcecode.c.objc; path = ROXIMITYSDKStarterKit_iOSTests.m; sourceTree = "<group>"; };
		1D75715019EF159000676061 /* libROXIMITYSDK.a */ = {isa = PBXFileReference; lastKnownFileType = archive.ar; name = libROXIMITYSDK.a; path = ROXIMITYSDK/libROXIMITYSDK.a; sourceTree = "<group>"; };
		1D75715119EF159000676061 /* roximity.caf */ = {isa = PBXFileReference; lastKnownFileType = file; name = roximity.caf; path = ROXIMITYSDK/roximity.caf; sourceTree = "<group>"; };
		1D75715319EF159000676061 /* ROXBeaconRangeUpdateDelegate.h */ = {isa = PBXFileReference; fileEncoding = 4; lastKnownFileType = sourcecode.c.h; path = ROXBeaconRangeUpdateDelegate.h; sourceTree = "<group>"; };
		1D75715419EF159000676061 /* ROXIMITYEngine.h */ = {isa = PBXFileReference; fileEncoding = 4; lastKnownFileType = sourcecode.c.h; path = ROXIMITYEngine.h; sourceTree = "<group>"; };
		1D75715519EF159000676061 /* ROXIMITYSDK.h */ = {isa = PBXFileReference; fileEncoding = 4; lastKnownFileType = sourcecode.c.h; path = ROXIMITYSDK.h; sourceTree = "<group>"; };
		1D75715619EF159000676061 /* ROXNotifications.h */ = {isa = PBXFileReference; fileEncoding = 4; lastKnownFileType = sourcecode.c.h; path = ROXNotifications.h; sourceTree = "<group>"; };
		1D75715719EF159000676061 /* ROXIMITYSDK.bundle */ = {isa = PBXFileReference; lastKnownFileType = "wrapper.plug-in"; name = ROXIMITYSDK.bundle; path = ROXIMITYSDK/ROXIMITYSDK.bundle; sourceTree = "<group>"; };
		1D75715B19EF15F600676061 /* AdSupport.framework */ = {isa = PBXFileReference; lastKnownFileType = wrapper.framework; name = AdSupport.framework; path = System/Library/Frameworks/AdSupport.framework; sourceTree = SDKROOT; };
		1D75715C19EF15F600676061 /* CoreBluetooth.framework */ = {isa = PBXFileReference; lastKnownFileType = wrapper.framework; name = CoreBluetooth.framework; path = System/Library/Frameworks/CoreBluetooth.framework; sourceTree = SDKROOT; };
		1D75715D19EF15F600676061 /* CoreLocation.framework */ = {isa = PBXFileReference; lastKnownFileType = wrapper.framework; name = CoreLocation.framework; path = System/Library/Frameworks/CoreLocation.framework; sourceTree = SDKROOT; };
		1D75716119EF160700676061 /* CoreTelephony.framework */ = {isa = PBXFileReference; lastKnownFileType = wrapper.framework; name = CoreTelephony.framework; path = System/Library/Frameworks/CoreTelephony.framework; sourceTree = SDKROOT; };
		1D76F45B1AC4AC5C00603FA6 /* Security.framework */ = {isa = PBXFileReference; lastKnownFileType = wrapper.framework; name = Security.framework; path = System/Library/Frameworks/Security.framework; sourceTree = SDKROOT; };
		1D76F45E1AC4ACC300603FA6 /* SystemConfiguration.framework */ = {isa = PBXFileReference; lastKnownFileType = wrapper.framework; name = SystemConfiguration.framework; path = System/Library/Frameworks/SystemConfiguration.framework; sourceTree = SDKROOT; };
		1D76F4601AC4ACE400603FA6 /* MobileCoreServices.framework */ = {isa = PBXFileReference; lastKnownFileType = wrapper.framework; name = MobileCoreServices.framework; path = System/Library/Frameworks/MobileCoreServices.framework; sourceTree = SDKROOT; };
		8F7CBD3775A068220E023660 /* Pods.release.xcconfig */ = {isa = PBXFileReference; includeInIndex = 1; lastKnownFileType = text.xcconfig; name = Pods.release.xcconfig; path = "../Pods/Target Support Files/Pods/Pods.release.xcconfig"; sourceTree = "<group>"; };
		DD7E89650976A58C968B18A8 /* libPods.a */ = {isa = PBXFileReference; explicitFileType = archive.ar; includeInIndex = 0; path = libPods.a; sourceTree = BUILT_PRODUCTS_DIR; };
		E5F60E43F5147FD77FCA4CAD /* Pods.debug.xcconfig */ = {isa = PBXFileReference; includeInIndex = 1; lastKnownFileType = text.xcconfig; name = Pods.debug.xcconfig; path = "../Pods/Target Support Files/Pods/Pods.debug.xcconfig"; sourceTree = "<group>"; };
/* End PBXFileReference section */

/* Begin PBXFrameworksBuildPhase section */
		1D75712419EF12BD00676061 /* Frameworks */ = {
			isa = PBXFrameworksBuildPhase;
			buildActionMask = 2147483647;
			files = (
				1D76F4631AC4AD1D00603FA6 /* AdSupport.framework in Frameworks */,
				1D76F4621AC4AD1700603FA6 /* CoreTelephony.framework in Frameworks */,
				1D76F4611AC4ACE400603FA6 /* MobileCoreServices.framework in Frameworks */,
				1D76F45F1AC4ACC300603FA6 /* SystemConfiguration.framework in Frameworks */,
				1D75715819EF159000676061 /* libROXIMITYSDK.a in Frameworks */,
			);
			runOnlyForDeploymentPostprocessing = 0;
		};
		1D75713D19EF12BD00676061 /* Frameworks */ = {
			isa = PBXFrameworksBuildPhase;
			buildActionMask = 2147483647;
			files = (
			);
			runOnlyForDeploymentPostprocessing = 0;
		};
/* End PBXFrameworksBuildPhase section */

/* Begin PBXGroup section */
		1D75711E19EF12BD00676061 = {
			isa = PBXGroup;
			children = (
				1D75712919EF12BD00676061 /* ROXIMITYSDKStarterKit-iOS */,
				1D75714319EF12BD00676061 /* ROXIMITYSDKStarterKit-iOSTests */,
				1D75712819EF12BD00676061 /* Products */,
				C54D1C4F30FF2948D36C1913 /* Pods */,
				8073728BF32490193AF4D8BA /* Frameworks */,
			);
			sourceTree = "<group>";
		};
		1D75712819EF12BD00676061 /* Products */ = {
			isa = PBXGroup;
			children = (
				1D75712719EF12BD00676061 /* ROXIMITYSDKStarterKit-iOS.app */,
				1D75714019EF12BD00676061 /* ROXIMITYSDKStarterKit-iOSTests.xctest */,
			);
			name = Products;
			sourceTree = "<group>";
		};
		1D75712919EF12BD00676061 /* ROXIMITYSDKStarterKit-iOS */ = {
			isa = PBXGroup;
			children = (
				1D75712E19EF12BD00676061 /* AppDelegate.h */,
				1D75712F19EF12BD00676061 /* AppDelegate.m */,
				1D75713119EF12BD00676061 /* ViewController.h */,
				1D75713219EF12BD00676061 /* ViewController.m */,
				1D75713419EF12BD00676061 /* Main.storyboard */,
				1D75713719EF12BD00676061 /* Images.xcassets */,
				1D75713919EF12BD00676061 /* LaunchScreen.xib */,
				1D75712A19EF12BD00676061 /* Supporting Files */,
			);
			path = "ROXIMITYSDKStarterKit-iOS";
			sourceTree = "<group>";
		};
		1D75712A19EF12BD00676061 /* Supporting Files */ = {
			isa = PBXGroup;
			children = (
				1D75715019EF159000676061 /* libROXIMITYSDK.a */,
				1D75715119EF159000676061 /* roximity.caf */,
				1D75715219EF159000676061 /* ROXIMITYSDK */,
				1D75715719EF159000676061 /* ROXIMITYSDK.bundle */,
				1D75712B19EF12BD00676061 /* Info.plist */,
				1D75712C19EF12BD00676061 /* main.m */,
			);
			name = "Supporting Files";
			sourceTree = "<group>";
		};
		1D75714319EF12BD00676061 /* ROXIMITYSDKStarterKit-iOSTests */ = {
			isa = PBXGroup;
			children = (
				1D75714619EF12BD00676061 /* ROXIMITYSDKStarterKit_iOSTests.m */,
				1D75714419EF12BD00676061 /* Supporting Files */,
			);
			path = "ROXIMITYSDKStarterKit-iOSTests";
			sourceTree = "<group>";
		};
		1D75714419EF12BD00676061 /* Supporting Files */ = {
			isa = PBXGroup;
			children = (
				1D75714519EF12BD00676061 /* Info.plist */,
			);
			name = "Supporting Files";
			sourceTree = "<group>";
		};
		1D75715219EF159000676061 /* ROXIMITYSDK */ = {
			isa = PBXGroup;
			children = (
				1D75715319EF159000676061 /* ROXBeaconRangeUpdateDelegate.h */,
				1D75715419EF159000676061 /* ROXIMITYEngine.h */,
				1D75715519EF159000676061 /* ROXIMITYSDK.h */,
				1D75715619EF159000676061 /* ROXNotifications.h */,
			);
			name = ROXIMITYSDK;
			path = ROXIMITYSDK/ROXIMITYSDK;
			sourceTree = "<group>";
		};
		8073728BF32490193AF4D8BA /* Frameworks */ = {
			isa = PBXGroup;
			children = (
				1D76F4601AC4ACE400603FA6 /* MobileCoreServices.framework */,
				1D76F45E1AC4ACC300603FA6 /* SystemConfiguration.framework */,
				1D76F45B1AC4AC5C00603FA6 /* Security.framework */,
				1D75716119EF160700676061 /* CoreTelephony.framework */,
				1D75715B19EF15F600676061 /* AdSupport.framework */,
				1D75715C19EF15F600676061 /* CoreBluetooth.framework */,
				1D75715D19EF15F600676061 /* CoreLocation.framework */,
				DD7E89650976A58C968B18A8 /* libPods.a */,
			);
			name = Frameworks;
			sourceTree = "<group>";
		};
		C54D1C4F30FF2948D36C1913 /* Pods */ = {
			isa = PBXGroup;
			children = (
				E5F60E43F5147FD77FCA4CAD /* Pods.debug.xcconfig */,
				8F7CBD3775A068220E023660 /* Pods.release.xcconfig */,
			);
			name = Pods;
			sourceTree = "<group>";
		};
/* End PBXGroup section */

/* Begin PBXNativeTarget section */
		1D75712619EF12BD00676061 /* ROXIMITYSDKStarterKit-iOS */ = {
			isa = PBXNativeTarget;
			buildConfigurationList = 1D75714A19EF12BD00676061 /* Build configuration list for PBXNativeTarget "ROXIMITYSDKStarterKit-iOS" */;
			buildPhases = (
				1D75712319EF12BD00676061 /* Sources */,
				1D75712419EF12BD00676061 /* Frameworks */,
				1D75712519EF12BD00676061 /* Resources */,
			);
			buildRules = (
			);
			dependencies = (
			);
			name = "ROXIMITYSDKStarterKit-iOS";
			productName = "ROXIMITYSDKStarterKit-iOS";
			productReference = 1D75712719EF12BD00676061 /* ROXIMITYSDKStarterKit-iOS.app */;
			productType = "com.apple.product-type.application";
		};
		1D75713F19EF12BD00676061 /* ROXIMITYSDKStarterKit-iOSTests */ = {
			isa = PBXNativeTarget;
			buildConfigurationList = 1D75714D19EF12BD00676061 /* Build configuration list for PBXNativeTarget "ROXIMITYSDKStarterKit-iOSTests" */;
			buildPhases = (
				1D75713C19EF12BD00676061 /* Sources */,
				1D75713D19EF12BD00676061 /* Frameworks */,
				1D75713E19EF12BD00676061 /* Resources */,
			);
			buildRules = (
			);
			dependencies = (
				1D75714219EF12BD00676061 /* PBXTargetDependency */,
			);
			name = "ROXIMITYSDKStarterKit-iOSTests";
			productName = "ROXIMITYSDKStarterKit-iOSTests";
			productReference = 1D75714019EF12BD00676061 /* ROXIMITYSDKStarterKit-iOSTests.xctest */;
			productType = "com.apple.product-type.bundle.unit-test";
		};
/* End PBXNativeTarget section */

/* Begin PBXProject section */
		1D75711F19EF12BD00676061 /* Project object */ = {
			isa = PBXProject;
			attributes = {
				LastUpgradeCheck = 0600;
				ORGANIZATIONNAME = ROXIMITY;
				TargetAttributes = {
					1D75712619EF12BD00676061 = {
						CreatedOnToolsVersion = 6.0.1;
						SystemCapabilities = {
							com.apple.BackgroundModes = {
								enabled = 1;
							};
						};
					};
					1D75713F19EF12BD00676061 = {
						CreatedOnToolsVersion = 6.0.1;
						TestTargetID = 1D75712619EF12BD00676061;
					};
				};
			};
			buildConfigurationList = 1D75712219EF12BD00676061 /* Build configuration list for PBXProject "ROXIMITYSDKStarterKit-iOS" */;
			compatibilityVersion = "Xcode 3.2";
			developmentRegion = English;
			hasScannedForEncodings = 0;
			knownRegions = (
				en,
				Base,
			);
			mainGroup = 1D75711E19EF12BD00676061;
			productRefGroup = 1D75712819EF12BD00676061 /* Products */;
			projectDirPath = "";
			projectRoot = "";
			targets = (
				1D75712619EF12BD00676061 /* ROXIMITYSDKStarterKit-iOS */,
				1D75713F19EF12BD00676061 /* ROXIMITYSDKStarterKit-iOSTests */,
			);
		};
/* End PBXProject section */

/* Begin PBXResourcesBuildPhase section */
		1D75712519EF12BD00676061 /* Resources */ = {
			isa = PBXResourcesBuildPhase;
			buildActionMask = 2147483647;
			files = (
				1D75715A19EF159000676061 /* ROXIMITYSDK.bundle in Resources */,
				1D75713619EF12BD00676061 /* Main.storyboard in Resources */,
				1D75715919EF159000676061 /* roximity.caf in Resources */,
				1D75713B19EF12BD00676061 /* LaunchScreen.xib in Resources */,
				1D75713819EF12BD00676061 /* Images.xcassets in Resources */,
			);
			runOnlyForDeploymentPostprocessing = 0;
		};
		1D75713E19EF12BD00676061 /* Resources */ = {
			isa = PBXResourcesBuildPhase;
			buildActionMask = 2147483647;
			files = (
			);
			runOnlyForDeploymentPostprocessing = 0;
		};
/* End PBXResourcesBuildPhase section */

/* Begin PBXSourcesBuildPhase section */
		1D75712319EF12BD00676061 /* Sources */ = {
			isa = PBXSourcesBuildPhase;
			buildActionMask = 2147483647;
			files = (
				1D75713319EF12BD00676061 /* ViewController.m in Sources */,
				1D75713019EF12BD00676061 /* AppDelegate.m in Sources */,
				1D75712D19EF12BD00676061 /* main.m in Sources */,
			);
			runOnlyForDeploymentPostprocessing = 0;
		};
		1D75713C19EF12BD00676061 /* Sources */ = {
			isa = PBXSourcesBuildPhase;
			buildActionMask = 2147483647;
			files = (
				1D75714719EF12BD00676061 /* ROXIMITYSDKStarterKit_iOSTests.m in Sources */,
			);
			runOnlyForDeploymentPostprocessing = 0;
		};
/* End PBXSourcesBuildPhase section */

/* Begin PBXTargetDependency section */
		1D75714219EF12BD00676061 /* PBXTargetDependency */ = {
			isa = PBXTargetDependency;
			target = 1D75712619EF12BD00676061 /* ROXIMITYSDKStarterKit-iOS */;
			targetProxy = 1D75714119EF12BD00676061 /* PBXContainerItemProxy */;
		};
/* End PBXTargetDependency section */

/* Begin PBXVariantGroup section */
		1D75713419EF12BD00676061 /* Main.storyboard */ = {
			isa = PBXVariantGroup;
			children = (
				1D75713519EF12BD00676061 /* Base */,
			);
			name = Main.storyboard;
			sourceTree = "<group>";
		};
		1D75713919EF12BD00676061 /* LaunchScreen.xib */ = {
			isa = PBXVariantGroup;
			children = (
				1D75713A19EF12BD00676061 /* Base */,
			);
			name = LaunchScreen.xib;
			sourceTree = "<group>";
		};
/* End PBXVariantGroup section */

/* Begin XCBuildConfiguration section */
		1D75714819EF12BD00676061 /* Debug */ = {
			isa = XCBuildConfiguration;
			buildSettings = {
				ALWAYS_SEARCH_USER_PATHS = NO;
				CLANG_CXX_LANGUAGE_STANDARD = "gnu++0x";
				CLANG_CXX_LIBRARY = "libc++";
				CLANG_ENABLE_MODULES = YES;
				CLANG_ENABLE_OBJC_ARC = YES;
				CLANG_WARN_BOOL_CONVERSION = YES;
				CLANG_WARN_CONSTANT_CONVERSION = YES;
				CLANG_WARN_DIRECT_OBJC_ISA_USAGE = YES_ERROR;
				CLANG_WARN_EMPTY_BODY = YES;
				CLANG_WARN_ENUM_CONVERSION = YES;
				CLANG_WARN_INT_CONVERSION = YES;
				CLANG_WARN_OBJC_ROOT_CLASS = YES_ERROR;
				CLANG_WARN_UNREACHABLE_CODE = YES;
				CLANG_WARN__DUPLICATE_METHOD_MATCH = YES;
				"CODE_SIGN_IDENTITY[sdk=iphoneos*]" = "iPhone Developer";
				COPY_PHASE_STRIP = NO;
				ENABLE_STRICT_OBJC_MSGSEND = YES;
				GCC_C_LANGUAGE_STANDARD = gnu99;
				GCC_DYNAMIC_NO_PIC = NO;
				GCC_OPTIMIZATION_LEVEL = 0;
				GCC_PREPROCESSOR_DEFINITIONS = (
					"DEBUG=1",
					"$(inherited)",
				);
				GCC_SYMBOLS_PRIVATE_EXTERN = NO;
				GCC_WARN_64_TO_32_BIT_CONVERSION = YES;
				GCC_WARN_ABOUT_RETURN_TYPE = YES_ERROR;
				GCC_WARN_UNDECLARED_SELECTOR = YES;
				GCC_WARN_UNINITIALIZED_AUTOS = YES_AGGRESSIVE;
				GCC_WARN_UNUSED_FUNCTION = YES;
				GCC_WARN_UNUSED_VARIABLE = YES;
				IPHONEOS_DEPLOYMENT_TARGET = 8.0;
				MTL_ENABLE_DEBUG_INFO = YES;
				ONLY_ACTIVE_ARCH = YES;
				SDKROOT = iphoneos;
				TARGETED_DEVICE_FAMILY = "1,2";
			};
			name = Debug;
		};
		1D75714919EF12BD00676061 /* Release */ = {
			isa = XCBuildConfiguration;
			buildSettings = {
				ALWAYS_SEARCH_USER_PATHS = NO;
				CLANG_CXX_LANGUAGE_STANDARD = "gnu++0x";
				CLANG_CXX_LIBRARY = "libc++";
				CLANG_ENABLE_MODULES = YES;
				CLANG_ENABLE_OBJC_ARC = YES;
				CLANG_WARN_BOOL_CONVERSION = YES;
				CLANG_WARN_CONSTANT_CONVERSION = YES;
				CLANG_WARN_DIRECT_OBJC_ISA_USAGE = YES_ERROR;
				CLANG_WARN_EMPTY_BODY = YES;
				CLANG_WARN_ENUM_CONVERSION = YES;
				CLANG_WARN_INT_CONVERSION = YES;
				CLANG_WARN_OBJC_ROOT_CLASS = YES_ERROR;
				CLANG_WARN_UNREACHABLE_CODE = YES;
				CLANG_WARN__DUPLICATE_METHOD_MATCH = YES;
				"CODE_SIGN_IDENTITY[sdk=iphoneos*]" = "iPhone Developer";
				COPY_PHASE_STRIP = YES;
				ENABLE_NS_ASSERTIONS = NO;
				ENABLE_STRICT_OBJC_MSGSEND = YES;
				GCC_C_LANGUAGE_STANDARD = gnu99;
				GCC_WARN_64_TO_32_BIT_CONVERSION = YES;
				GCC_WARN_ABOUT_RETURN_TYPE = YES_ERROR;
				GCC_WARN_UNDECLARED_SELECTOR = YES;
				GCC_WARN_UNINITIALIZED_AUTOS = YES_AGGRESSIVE;
				GCC_WARN_UNUSED_FUNCTION = YES;
				GCC_WARN_UNUSED_VARIABLE = YES;
				IPHONEOS_DEPLOYMENT_TARGET = 8.0;
				MTL_ENABLE_DEBUG_INFO = NO;
				SDKROOT = iphoneos;
				TARGETED_DEVICE_FAMILY = "1,2";
				VALIDATE_PRODUCT = YES;
			};
			name = Release;
		};
		1D75714B19EF12BD00676061 /* Debug */ = {
			isa = XCBuildConfiguration;
			buildSettings = {
				ASSETCATALOG_COMPILER_APPICON_NAME = AppIcon;
				INFOPLIST_FILE = "ROXIMITYSDKStarterKit-iOS/Info.plist";
				LD_RUNPATH_SEARCH_PATHS = "$(inherited) @executable_path/Frameworks";
				LIBRARY_SEARCH_PATHS = (
					"$(inherited)",
					"$(PROJECT_DIR)/ROXIMITYSDKStarterKit-iOS/ROXIMITYSDK",
				);
				OTHER_LDFLAGS = "-ObjC";
				PRODUCT_NAME = "$(TARGET_NAME)";
			};
			name = Debug;
		};
		1D75714C19EF12BD00676061 /* Release */ = {
			isa = XCBuildConfiguration;
			buildSettings = {
				ASSETCATALOG_COMPILER_APPICON_NAME = AppIcon;
				INFOPLIST_FILE = "ROXIMITYSDKStarterKit-iOS/Info.plist";
				LD_RUNPATH_SEARCH_PATHS = "$(inherited) @executable_path/Frameworks";
				LIBRARY_SEARCH_PATHS = (
					"$(inherited)",
					"$(PROJECT_DIR)/ROXIMITYSDKStarterKit-iOS/ROXIMITYSDK",
				);
				OTHER_LDFLAGS = "-ObjC";
				PRODUCT_NAME = "$(TARGET_NAME)";
			};
			name = Release;
		};
		1D75714E19EF12BD00676061 /* Debug */ = {
			isa = XCBuildConfiguration;
			buildSettings = {
				BUNDLE_LOADER = "$(TEST_HOST)";
				FRAMEWORK_SEARCH_PATHS = (
					"$(SDKROOT)/Developer/Library/Frameworks",
					"$(inherited)",
				);
				GCC_PREPROCESSOR_DEFINITIONS = (
					"DEBUG=1",
					"$(inherited)",
				);
				INFOPLIST_FILE = "ROXIMITYSDKStarterKit-iOSTests/Info.plist";
				LD_RUNPATH_SEARCH_PATHS = "$(inherited) @executable_path/Frameworks @loader_path/Frameworks";
				PRODUCT_NAME = "$(TARGET_NAME)";
				TEST_HOST = "$(BUILT_PRODUCTS_DIR)/ROXIMITYSDKStarterKit-iOS.app/ROXIMITYSDKStarterKit-iOS";
			};
			name = Debug;
		};
		1D75714F19EF12BD00676061 /* Release */ = {
			isa = XCBuildConfiguration;
			buildSettings = {
				BUNDLE_LOADER = "$(TEST_HOST)";
				FRAMEWORK_SEARCH_PATHS = (
					"$(SDKROOT)/Developer/Library/Frameworks",
					"$(inherited)",
				);
				INFOPLIST_FILE = "ROXIMITYSDKStarterKit-iOSTests/Info.plist";
				LD_RUNPATH_SEARCH_PATHS = "$(inherited) @executable_path/Frameworks @loader_path/Frameworks";
				PRODUCT_NAME = "$(TARGET_NAME)";
				TEST_HOST = "$(BUILT_PRODUCTS_DIR)/ROXIMITYSDKStarterKit-iOS.app/ROXIMITYSDKStarterKit-iOS";
			};
			name = Release;
		};
/* End XCBuildConfiguration section */

/* Begin XCConfigurationList section */
		1D75712219EF12BD00676061 /* Build configuration list for PBXProject "ROXIMITYSDKStarterKit-iOS" */ = {
			isa = XCConfigurationList;
			buildConfigurations = (
				1D75714819EF12BD00676061 /* Debug */,
				1D75714919EF12BD00676061 /* Release */,
			);
			defaultConfigurationIsVisible = 0;
			defaultConfigurationName = Release;
		};
		1D75714A19EF12BD00676061 /* Build configuration list for PBXNativeTarget "ROXIMITYSDKStarterKit-iOS" */ = {
			isa = XCConfigurationList;
			buildConfigurations = (
				1D75714B19EF12BD00676061 /* Debug */,
				1D75714C19EF12BD00676061 /* Release */,
			);
			defaultConfigurationIsVisible = 0;
			defaultConfigurationName = Release;
		};
		1D75714D19EF12BD00676061 /* Build configuration list for PBXNativeTarget "ROXIMITYSDKStarterKit-iOSTests" */ = {
			isa = XCConfigurationList;
			buildConfigurations = (
				1D75714E19EF12BD00676061 /* Debug */,
				1D75714F19EF12BD00676061 /* Release */,
			);
			defaultConfigurationIsVisible = 0;
			defaultConfigurationName = Release;
		};
/* End XCConfigurationList section */
	};
	rootObject = 1D75711F19EF12BD00676061 /* Project object */;
}
